
Microsoft Visual Studio Solution File, Format Version 12.00
# Visual Studio Version 17
VisualStudioVersion = 17.12.35506.116
MinimumVisualStudioVersion = 10.0.40219.1
Project("{8BC9CEB8-8B4A-11D0-8D11-00A0C91BC942}") = "ControlStructures", "ControlStructures\ControlStructures.vcxproj", "{C380EF6F-CA39-4186-86DE-CF9D80A46069}"
EndProject
Project("{8BC9CEB8-8B4A-11D0-8D11-00A0C91BC942}") = "Calc", "Calc\Calc.vcxproj", "{BA9F9620-291C-4352-B9A6-36459329C92E}"
EndProject
Project("{8BC9CEB8-8B4A-11D0-8D11-00A0C91BC942}") = "DZ_CALC", "..\DZ_CALC_SHOOTER\DZ_CALC_SHOOTER\DZ_CALC_SHOOTER.vcxproj", "{048BB0D8-34B2-4A0E-8AA0-F490EC35B541}"
EndProject
Project("{8BC9CEB8-8B4A-11D0-8D11-00A0C91BC942}") = "Shooter", "Shooter\Shooter.vcxproj", "{0A209C7F-65FB-47A9-87B7-2DE7E6D2446E}"
EndProject
Project("{8BC9CEB8-8B4A-11D0-8D11-00A0C91BC942}") = "DZ_Palindrom", "Palindrom\Palindrom.vcxproj", "{BFE0953E-6FDE-498C-92A0-8578411AEF42}"
EndProject
Project("{8BC9CEB8-8B4A-11D0-8D11-00A0C91BC942}") = "FOR_LOOP", "Factorial\Factorial.vcxproj", "{083F064E-277A-4856-9029-F3169B5B2B73}"
EndProject
Project("{8BC9CEB8-8B4A-11D0-8D11-00A0C91BC942}") = "DZ_Factorial", "DZ_Factorial\DZ_Factorial.vcxproj", "{C98B440B-6FC7-4A9A-B9A9-C7CB651C2472}"
EndProject
Project("{8BC9CEB8-8B4A-11D0-8D11-00A0C91BC942}") = "Palindrome", "Palindrome\Palindrome.vcxproj", "{91C64584-1571-47C0-BD86-15611C609387}"
EndProject
Project("{8BC9CEB8-8B4A-11D0-8D11-00A0C91BC942}") = "FOR", "FOR\FOR.vcxproj", "{731E9053-C72B-4605-A77D-955C539203ED}"
EndProject
Project("{8BC9CEB8-8B4A-11D0-8D11-00A0C91BC942}") = "Geometry", "Geometry\Geometry.vcxproj", "{E5B30BE8-78C6-4A12-8629-F59CB0D05023}"
EndProject
Project("{8BC9CEB8-8B4A-11D0-8D11-00A0C91BC942}") = "Chess1", "Chess1\Chess1.vcxproj", "{8851D504-8C0C-499E-93E8-5DED3B82BAD0}"
EndProject
Global
	GlobalSection(SolutionConfigurationPlatforms) = preSolution
		Debug|x64 = Debug|x64
		Debug|x86 = Debug|x86
		Release|x64 = Release|x64
		Release|x86 = Release|x86
	EndGlobalSection
	GlobalSection(ProjectConfigurationPlatforms) = postSolution
		{C380EF6F-CA39-4186-86DE-CF9D80A46069}.Debug|x64.ActiveCfg = Debug|x64
		{C380EF6F-CA39-4186-86DE-CF9D80A46069}.Debug|x64.Build.0 = Debug|x64
		{C380EF6F-CA39-4186-86DE-CF9D80A46069}.Debug|x86.ActiveCfg = Debug|Win32
		{C380EF6F-CA39-4186-86DE-CF9D80A46069}.Debug|x86.Build.0 = Debug|Win32
		{C380EF6F-CA39-4186-86DE-CF9D80A46069}.Release|x64.ActiveCfg = Release|x64
		{C380EF6F-CA39-4186-86DE-CF9D80A46069}.Release|x64.Build.0 = Release|x64
		{C380EF6F-CA39-4186-86DE-CF9D80A46069}.Release|x86.ActiveCfg = Release|Win32
		{C380EF6F-CA39-4186-86DE-CF9D80A46069}.Release|x86.Build.0 = Release|Win32
		{BA9F9620-291C-4352-B9A6-36459329C92E}.Debug|x64.ActiveCfg = Debug|x64
		{BA9F9620-291C-4352-B9A6-36459329C92E}.Debug|x64.Build.0 = Debug|x64
		{BA9F9620-291C-4352-B9A6-36459329C92E}.Debug|x86.ActiveCfg = Debug|Win32
		{BA9F9620-291C-4352-B9A6-36459329C92E}.Debug|x86.Build.0 = Debug|Win32
		{BA9F9620-291C-4352-B9A6-36459329C92E}.Release|x64.ActiveCfg = Release|x64
		{BA9F9620-291C-4352-B9A6-36459329C92E}.Release|x64.Build.0 = Release|x64
		{BA9F9620-291C-4352-B9A6-36459329C92E}.Release|x86.ActiveCfg = Release|Win32
		{BA9F9620-291C-4352-B9A6-36459329C92E}.Release|x86.Build.0 = Release|Win32
		{048BB0D8-34B2-4A0E-8AA0-F490EC35B541}.Debug|x64.ActiveCfg = Debug|x64
		{048BB0D8-34B2-4A0E-8AA0-F490EC35B541}.Debug|x64.Build.0 = Debug|x64
		{048BB0D8-34B2-4A0E-8AA0-F490EC35B541}.Debug|x86.ActiveCfg = Debug|Win32
		{048BB0D8-34B2-4A0E-8AA0-F490EC35B541}.Debug|x86.Build.0 = Debug|Win32
		{048BB0D8-34B2-4A0E-8AA0-F490EC35B541}.Release|x64.ActiveCfg = Release|x64
		{048BB0D8-34B2-4A0E-8AA0-F490EC35B541}.Release|x64.Build.0 = Release|x64
		{048BB0D8-34B2-4A0E-8AA0-F490EC35B541}.Release|x86.ActiveCfg = Release|Win32
		{048BB0D8-34B2-4A0E-8AA0-F490EC35B541}.Release|x86.Build.0 = Release|Win32
		{0A209C7F-65FB-47A9-87B7-2DE7E6D2446E}.Debug|x64.ActiveCfg = Debug|x64
		{0A209C7F-65FB-47A9-87B7-2DE7E6D2446E}.Debug|x64.Build.0 = Debug|x64
		{0A209C7F-65FB-47A9-87B7-2DE7E6D2446E}.Debug|x86.ActiveCfg = Debug|Win32
		{0A209C7F-65FB-47A9-87B7-2DE7E6D2446E}.Debug|x86.Build.0 = Debug|Win32
		{0A209C7F-65FB-47A9-87B7-2DE7E6D2446E}.Release|x64.ActiveCfg = Release|x64
		{0A209C7F-65FB-47A9-87B7-2DE7E6D2446E}.Release|x64.Build.0 = Release|x64
		{0A209C7F-65FB-47A9-87B7-2DE7E6D2446E}.Release|x86.ActiveCfg = Release|Win32
		{0A209C7F-65FB-47A9-87B7-2DE7E6D2446E}.Release|x86.Build.0 = Release|Win32
		{BFE0953E-6FDE-498C-92A0-8578411AEF42}.Debug|x64.ActiveCfg = Debug|x64
		{BFE0953E-6FDE-498C-92A0-8578411AEF42}.Debug|x64.Build.0 = Debug|x64
		{BFE0953E-6FDE-498C-92A0-8578411AEF42}.Debug|x86.ActiveCfg = Debug|Win32
		{BFE0953E-6FDE-498C-92A0-8578411AEF42}.Debug|x86.Build.0 = Debug|Win32
		{BFE0953E-6FDE-498C-92A0-8578411AEF42}.Release|x64.ActiveCfg = Release|x64
		{BFE0953E-6FDE-498C-92A0-8578411AEF42}.Release|x64.Build.0 = Release|x64
		{BFE0953E-6FDE-498C-92A0-8578411AEF42}.Release|x86.ActiveCfg = Release|Win32
		{BFE0953E-6FDE-498C-92A0-8578411AEF42}.Release|x86.Build.0 = Release|Win32
		{083F064E-277A-4856-9029-F3169B5B2B73}.Debug|x64.ActiveCfg = Debug|x64
		{083F064E-277A-4856-9029-F3169B5B2B73}.Debug|x64.Build.0 = Debug|x64
		{083F064E-277A-4856-9029-F3169B5B2B73}.Debug|x86.ActiveCfg = Debug|Win32
		{083F064E-277A-4856-9029-F3169B5B2B73}.Debug|x86.Build.0 = Debug|Win32
		{083F064E-277A-4856-9029-F3169B5B2B73}.Release|x64.ActiveCfg = Release|x64
		{083F064E-277A-4856-9029-F3169B5B2B73}.Release|x64.Build.0 = Release|x64
		{083F064E-277A-4856-9029-F3169B5B2B73}.Release|x86.ActiveCfg = Release|Win32
		{083F064E-277A-4856-9029-F3169B5B2B73}.Release|x86.Build.0 = Release|Win32
		{C98B440B-6FC7-4A9A-B9A9-C7CB651C2472}.Debug|x64.ActiveCfg = Debug|x64
		{C98B440B-6FC7-4A9A-B9A9-C7CB651C2472}.Debug|x64.Build.0 = Debug|x64
		{C98B440B-6FC7-4A9A-B9A9-C7CB651C2472}.Debug|x86.ActiveCfg = Debug|Win32
		{C98B440B-6FC7-4A9A-B9A9-C7CB651C2472}.Debug|x86.Build.0 = Debug|Win32
		{C98B440B-6FC7-4A9A-B9A9-C7CB651C2472}.Release|x64.ActiveCfg = Release|x64
		{C98B440B-6FC7-4A9A-B9A9-C7CB651C2472}.Release|x64.Build.0 = Release|x64
		{C98B440B-6FC7-4A9A-B9A9-C7CB651C2472}.Release|x86.ActiveCfg = Release|Win32
		{C98B440B-6FC7-4A9A-B9A9-C7CB651C2472}.Release|x86.Build.0 = Release|Win32
		{91C64584-1571-47C0-BD86-15611C609387}.Debug|x64.ActiveCfg = Debug|x64
		{91C64584-1571-47C0-BD86-15611C609387}.Debug|x64.Build.0 = Debug|x64
		{91C64584-1571-47C0-BD86-15611C609387}.Debug|x86.ActiveCfg = Debug|Win32
		{91C64584-1571-47C0-BD86-15611C609387}.Debug|x86.Build.0 = Debug|Win32
		{91C64584-1571-47C0-BD86-15611C609387}.Release|x64.ActiveCfg = Release|x64
		{91C64584-1571-47C0-BD86-15611C609387}.Release|x64.Build.0 = Release|x64
		{91C64584-1571-47C0-BD86-15611C609387}.Release|x86.ActiveCfg = Release|Win32
		{91C64584-1571-47C0-BD86-15611C609387}.Release|x86.Build.0 = Release|Win32
		{731E9053-C72B-4605-A77D-955C539203ED}.Debug|x64.ActiveCfg = Debug|x64
		{731E9053-C72B-4605-A77D-955C539203ED}.Debug|x64.Build.0 = Debug|x64
		{731E9053-C72B-4605-A77D-955C539203ED}.Debug|x86.ActiveCfg = Debug|Win32
		{731E9053-C72B-4605-A77D-955C539203ED}.Debug|x86.Build.0 = Debug|Win32
		{731E9053-C72B-4605-A77D-955C539203ED}.Release|x64.ActiveCfg = Release|x64
		{731E9053-C72B-4605-A77D-955C539203ED}.Release|x64.Build.0 = Release|x64
		{731E9053-C72B-4605-A77D-955C539203ED}.Release|x86.ActiveCfg = Release|Win32
		{731E9053-C72B-4605-A77D-955C539203ED}.Release|x86.Build.0 = Release|Win32
		{E5B30BE8-78C6-4A12-8629-F59CB0D05023}.Debug|x64.ActiveCfg = Debug|x64
		{E5B30BE8-78C6-4A12-8629-F59CB0D05023}.Debug|x64.Build.0 = Debug|x64
		{E5B30BE8-78C6-4A12-8629-F59CB0D05023}.Debug|x86.ActiveCfg = Debug|Win32
		{E5B30BE8-78C6-4A12-8629-F59CB0D05023}.Debug|x86.Build.0 = Debug|Win32
		{E5B30BE8-78C6-4A12-8629-F59CB0D05023}.Release|x64.ActiveCfg = Release|x64
		{E5B30BE8-78C6-4A12-8629-F59CB0D05023}.Release|x64.Build.0 = Release|x64
		{E5B30BE8-78C6-4A12-8629-F59CB0D05023}.Release|x86.ActiveCfg = Release|Win32
		{E5B30BE8-78C6-4A12-8629-F59CB0D05023}.Release|x86.Build.0 = Release|Win32
		{8851D504-8C0C-499E-93E8-5DED3B82BAD0}.Debug|x64.ActiveCfg = Debug|x64
		{8851D504-8C0C-499E-93E8-5DED3B82BAD0}.Debug|x64.Build.0 = Debug|x64
		{8851D504-8C0C-499E-93E8-5DED3B82BAD0}.Debug|x86.ActiveCfg = Debug|Win32
		{8851D504-8C0C-499E-93E8-5DED3B82BAD0}.Debug|x86.Build.0 = Debug|Win32
		{8851D504-8C0C-499E-93E8-5DED3B82BAD0}.Release|x64.ActiveCfg = Release|x64
		{8851D504-8C0C-499E-93E8-5DED3B82BAD0}.Release|x64.Build.0 = Release|x64
		{8851D504-8C0C-499E-93E8-5DED3B82BAD0}.Release|x86.ActiveCfg = Release|Win32
		{8851D504-8C0C-499E-93E8-5DED3B82BAD0}.Release|x86.Build.0 = Release|Win32
	EndGlobalSection
	GlobalSection(SolutionProperties) = preSolution
		HideSolutionNode = FALSE
	EndGlobalSection
EndGlobal
